
Microsoft Visual Studio Solution File, Format Version 12.00
# Visual Studio 15
VisualStudioVersion = 15.0.28307.705
MinimumVisualStudioVersion = 10.0.40219.1
Project("{9A19103F-16F7-4668-BE54-9A1E7A4F7556}") = "AutomationFramework", "AutomationFramework\AutomationFramework.csproj", "{F7CB993B-938E-4C9C-A871-AF8C09B98CA9}"
EndProject
Project("{9A19103F-16F7-4668-BE54-9A1E7A4F7556}") = "CPD_AWS", "CPD_AWS\CPD_AWS.csproj", "{C8017A7A-1BC4-44DA-AFFA-FF64CE587F73}"
EndProject
Global
	GlobalSection(SolutionConfigurationPlatforms) = preSolution
		Debug|Any CPU = Debug|Any CPU
		Release|Any CPU = Release|Any CPU
	EndGlobalSection
	GlobalSection(ProjectConfigurationPlatforms) = postSolution
		{F7CB993B-938E-4C9C-A871-AF8C09B98CA9}.Debug|Any CPU.ActiveCfg = Debug|Any CPU
		{F7CB993B-938E-4C9C-A871-AF8C09B98CA9}.Debug|Any CPU.Build.0 = Debug|Any CPU
		{F7CB993B-938E-4C9C-A871-AF8C09B98CA9}.Release|Any CPU.ActiveCfg = Release|Any CPU
		{F7CB993B-938E-4C9C-A871-AF8C09B98CA9}.Release|Any CPU.Build.0 = Release|Any CPU
		{C8017A7A-1BC4-44DA-AFFA-FF64CE587F73}.Debug|Any CPU.ActiveCfg = Debug|Any CPU
		{C8017A7A-1BC4-44DA-AFFA-FF64CE587F73}.Debug|Any CPU.Build.0 = Debug|Any CPU
		{C8017A7A-1BC4-44DA-AFFA-FF64CE587F73}.Release|Any CPU.ActiveCfg = Release|Any CPU
		{C8017A7A-1BC4-44DA-AFFA-FF64CE587F73}.Release|Any CPU.Build.0 = Release|Any CPU
	EndGlobalSection
	GlobalSection(SolutionProperties) = preSolution
		HideSolutionNode = FALSE
	EndGlobalSection
	GlobalSection(ExtensibilityGlobals) = postSolution
		SolutionGuid = {2662D4D9-17FF-4917-BE49-CB7E41C09C41}
	EndGlobalSection
EndGlobal
